
Microsoft Visual Studio Solution File, Format Version 12.00
# Visual Studio 14
VisualStudioVersion = 14.0.25420.1
MinimumVisualStudioVersion = 10.0.40219.1
Project("{8BC9CEB8-8B4A-11D0-8D11-00A0C91BC942}") = "Lab1_Recap", "Lab1_Recap\Lab1_Recap.vcxproj", "{AE6AEB9C-2090-4BDD-A8DD-1D2984293C7A}"
EndProject
Project("{8BC9CEB8-8B4A-11D0-8D11-00A0C91BC942}") = "Lab2_ComplexNumbers", "Lab2_ComplexNumbers\Lab2_ComplexNumbers.vcxproj", "{F13649FF-B058-4A17-8E8E-507814ADE027}"
EndProject
Project("{8BC9CEB8-8B4A-11D0-8D11-00A0C91BC942}") = "Lab3_ArrayLists", "Lab3_ArrayLists\Lab3_ArrayLists.vcxproj", "{5FB30261-6AB8-4C9F-83B0-E656B97EABE3}"
EndProject
Project("{8BC9CEB8-8B4A-11D0-8D11-00A0C91BC942}") = "Lab4_LinkedLists", "Lab4_LinkedLists\Lab4_LinkedLists.vcxproj", "{8DDD277F-81F4-4521-87FF-230096D9FA3F}"
EndProject
Project("{8BC9CEB8-8B4A-11D0-8D11-00A0C91BC942}") = "Lab5_Sorting", "Lab5_Sorting\Lab5_Sorting.vcxproj", "{3992D252-44DF-40CD-9497-1C6BAC2574B0}"
EndProject
Project("{8BC9CEB8-8B4A-11D0-8D11-00A0C91BC942}") = "Lab6_DivideAndConquer", "Lab6_DivideAndConquer\Lab6_DivideAndConquer.vcxproj", "{F39E25AF-0D87-4BD8-ADEE-22560BDCC760}"
EndProject
Project("{8BC9CEB8-8B4A-11D0-8D11-00A0C91BC942}") = "Lab7_StacksAndQueues", "Lab7_StacksAndQueues\Lab7_StacksAndQueues.vcxproj", "{33660232-0CD9-486C-84F7-2C07A223AD59}"
EndProject
Project("{2150E333-8FDC-42A3-9474-1A3956D46DE8}") = "Solution Items", "Solution Items", "{28A3373C-66D5-4899-92DB-83117C3539F9}"
	ProjectSection(SolutionItems) = preProject
		astyle.exe = astyle.exe
		call_Artistic_Style.astylerc = call_Artistic_Style.astylerc
		call_Artistic_Style.bat = call_Artistic_Style.bat
	EndProjectSection
EndProject
Global
	GlobalSection(SolutionConfigurationPlatforms) = preSolution
		Debug|x64 = Debug|x64
		Debug|x86 = Debug|x86
		Release|x64 = Release|x64
		Release|x86 = Release|x86
	EndGlobalSection
	GlobalSection(ProjectConfigurationPlatforms) = postSolution
		{AE6AEB9C-2090-4BDD-A8DD-1D2984293C7A}.Debug|x64.ActiveCfg = Debug|x64
		{AE6AEB9C-2090-4BDD-A8DD-1D2984293C7A}.Debug|x64.Build.0 = Debug|x64
		{AE6AEB9C-2090-4BDD-A8DD-1D2984293C7A}.Debug|x86.ActiveCfg = Debug|Win32
		{AE6AEB9C-2090-4BDD-A8DD-1D2984293C7A}.Debug|x86.Build.0 = Debug|Win32
		{AE6AEB9C-2090-4BDD-A8DD-1D2984293C7A}.Release|x64.ActiveCfg = Release|x64
		{AE6AEB9C-2090-4BDD-A8DD-1D2984293C7A}.Release|x64.Build.0 = Release|x64
		{AE6AEB9C-2090-4BDD-A8DD-1D2984293C7A}.Release|x86.ActiveCfg = Release|Win32
		{AE6AEB9C-2090-4BDD-A8DD-1D2984293C7A}.Release|x86.Build.0 = Release|Win32
		{F13649FF-B058-4A17-8E8E-507814ADE027}.Debug|x64.ActiveCfg = Debug|x64
		{F13649FF-B058-4A17-8E8E-507814ADE027}.Debug|x64.Build.0 = Debug|x64
		{F13649FF-B058-4A17-8E8E-507814ADE027}.Debug|x86.ActiveCfg = Debug|Win32
		{F13649FF-B058-4A17-8E8E-507814ADE027}.Debug|x86.Build.0 = Debug|Win32
		{F13649FF-B058-4A17-8E8E-507814ADE027}.Release|x64.ActiveCfg = Release|x64
		{F13649FF-B058-4A17-8E8E-507814ADE027}.Release|x64.Build.0 = Release|x64
		{F13649FF-B058-4A17-8E8E-507814ADE027}.Release|x86.ActiveCfg = Release|Win32
		{F13649FF-B058-4A17-8E8E-507814ADE027}.Release|x86.Build.0 = Release|Win32
		{5FB30261-6AB8-4C9F-83B0-E656B97EABE3}.Debug|x64.ActiveCfg = Debug|x64
		{5FB30261-6AB8-4C9F-83B0-E656B97EABE3}.Debug|x64.Build.0 = Debug|x64
		{5FB30261-6AB8-4C9F-83B0-E656B97EABE3}.Debug|x86.ActiveCfg = Debug|Win32
		{5FB30261-6AB8-4C9F-83B0-E656B97EABE3}.Debug|x86.Build.0 = Debug|Win32
		{5FB30261-6AB8-4C9F-83B0-E656B97EABE3}.Release|x64.ActiveCfg = Release|x64
		{5FB30261-6AB8-4C9F-83B0-E656B97EABE3}.Release|x64.Build.0 = Release|x64
		{5FB30261-6AB8-4C9F-83B0-E656B97EABE3}.Release|x86.ActiveCfg = Release|Win32
		{5FB30261-6AB8-4C9F-83B0-E656B97EABE3}.Release|x86.Build.0 = Release|Win32
		{8DDD277F-81F4-4521-87FF-230096D9FA3F}.Debug|x64.ActiveCfg = linked|x64
		{8DDD277F-81F4-4521-87FF-230096D9FA3F}.Debug|x64.Build.0 = linked|x64
		{8DDD277F-81F4-4521-87FF-230096D9FA3F}.Debug|x86.ActiveCfg = linked|Win32
		{8DDD277F-81F4-4521-87FF-230096D9FA3F}.Debug|x86.Build.0 = linked|Win32
		{8DDD277F-81F4-4521-87FF-230096D9FA3F}.Release|x64.ActiveCfg = linked|x64
		{8DDD277F-81F4-4521-87FF-230096D9FA3F}.Release|x64.Build.0 = linked|x64
		{8DDD277F-81F4-4521-87FF-230096D9FA3F}.Release|x86.ActiveCfg = linked|Win32
		{8DDD277F-81F4-4521-87FF-230096D9FA3F}.Release|x86.Build.0 = linked|Win32
		{3992D252-44DF-40CD-9497-1C6BAC2574B0}.Debug|x64.ActiveCfg = Debug|x64
		{3992D252-44DF-40CD-9497-1C6BAC2574B0}.Debug|x64.Build.0 = Debug|x64
		{3992D252-44DF-40CD-9497-1C6BAC2574B0}.Debug|x86.ActiveCfg = Debug|Win32
		{3992D252-44DF-40CD-9497-1C6BAC2574B0}.Debug|x86.Build.0 = Debug|Win32
		{3992D252-44DF-40CD-9497-1C6BAC2574B0}.Release|x64.ActiveCfg = Debug|x64
		{3992D252-44DF-40CD-9497-1C6BAC2574B0}.Release|x64.Build.0 = Debug|x64
		{3992D252-44DF-40CD-9497-1C6BAC2574B0}.Release|x86.ActiveCfg = Debug|Win32
		{3992D252-44DF-40CD-9497-1C6BAC2574B0}.Release|x86.Build.0 = Debug|Win32
		{F39E25AF-0D87-4BD8-ADEE-22560BDCC760}.Debug|x64.ActiveCfg = linked|x64
		{F39E25AF-0D87-4BD8-ADEE-22560BDCC760}.Debug|x64.Build.0 = linked|x64
		{F39E25AF-0D87-4BD8-ADEE-22560BDCC760}.Debug|x86.ActiveCfg = linked|Win32
		{F39E25AF-0D87-4BD8-ADEE-22560BDCC760}.Debug|x86.Build.0 = linked|Win32
		{F39E25AF-0D87-4BD8-ADEE-22560BDCC760}.Release|x64.ActiveCfg = linked|x64
		{F39E25AF-0D87-4BD8-ADEE-22560BDCC760}.Release|x64.Build.0 = linked|x64
		{F39E25AF-0D87-4BD8-ADEE-22560BDCC760}.Release|x86.ActiveCfg = linked|Win32
		{F39E25AF-0D87-4BD8-ADEE-22560BDCC760}.Release|x86.Build.0 = linked|Win32
		{33660232-0CD9-486C-84F7-2C07A223AD59}.Debug|x64.ActiveCfg = ListQueue|x64
		{33660232-0CD9-486C-84F7-2C07A223AD59}.Debug|x64.Build.0 = ListQueue|x64
		{33660232-0CD9-486C-84F7-2C07A223AD59}.Debug|x86.ActiveCfg = ListQueue|Win32
		{33660232-0CD9-486C-84F7-2C07A223AD59}.Debug|x86.Build.0 = ListQueue|Win32
		{33660232-0CD9-486C-84F7-2C07A223AD59}.Release|x64.ActiveCfg = ArrayQueue|x64
		{33660232-0CD9-486C-84F7-2C07A223AD59}.Release|x64.Build.0 = ArrayQueue|x64
		{33660232-0CD9-486C-84F7-2C07A223AD59}.Release|x86.ActiveCfg = ArrayQueue|Win32
		{33660232-0CD9-486C-84F7-2C07A223AD59}.Release|x86.Build.0 = ArrayQueue|Win32
	EndGlobalSection
	GlobalSection(SolutionProperties) = preSolution
		HideSolutionNode = FALSE
	EndGlobalSection
EndGlobal
